# THIS IS AN AUTOGENERATED FILE. DO NOT EDIT THIS FILE DIRECTLY.
# yarn lockfile v1


"@babel/runtime@^7.1.2":
  version "7.10.0"
  resolved "http://r.cnpmjs.org/@babel/runtime/download/@babel/runtime-7.10.0.tgz#2cdcd6d7a391c24f7154235134c830cfb58ac0b1"
  integrity sha1-LNzW16ORwk9xVCNRNMgwz7WKwLE=
  dependencies:
    regenerator-runtime "^0.13.4"

history@^4.10.1:
  version "4.10.1"
  resolved "http://r.cnpmjs.org/history/download/history-4.10.1.tgz#33371a65e3a83b267434e2b3f3b1b4c58aad4cf3"
  integrity sha1-MzcaZeOoOyZ0NOKz87G0xYqtTPM=
  dependencies:
    "@babel/runtime" "^7.1.2"
    loose-envify "^1.2.0"
    resolve-pathname "^3.0.0"
    tiny-invariant "^1.0.2"
    tiny-warning "^1.0.0"
    value-equal "^1.0.1"

hsp-utils@^1.1.6:
  version "1.1.6"
  resolved "https://registry.npm.taobao.org/hsp-utils/download/hsp-utils-1.1.6.tgz#60270fd3b84c4d9d997cde179cb211ab9a10c077"
  integrity sha1-YCcP07hMTZ2ZfN4XnLIRq5oQwHc=

"js-tokens@^3.0.0 || ^4.0.0":
  version "4.0.0"
  resolved "http://r.cnpmjs.org/js-tokens/download/js-tokens-4.0.0.tgz#19203fb59991df98e3a287050d4647cdeaf32499"
  integrity sha1-GSA/tZmR35jjoocFDUZHzerzJJk=

loose-envify@^1.2.0:
  version "1.4.0"
  resolved "http://r.cnpmjs.org/loose-envify/download/loose-envify-1.4.0.tgz#71ee51fa7be4caec1a63839f7e682d8132d30caf"
  integrity sha1-ce5R+nvkyuwaY4OffmgtgTLTDK8=
  dependencies:
    js-tokens "^3.0.0 || ^4.0.0"

regenerator-runtime@^0.13.4:
  version "0.13.5"
  resolved "http://r.cnpmjs.org/regenerator-runtime/download/regenerator-runtime-0.13.5.tgz#d878a1d094b4306d10b9096484b33ebd55e26697"
  integrity sha1-2Hih0JS0MG0QuQlkhLM+vVXiZpc=

resolve-pathname@^3.0.0:
  version "3.0.0"
  resolved "http://r.cnpmjs.org/resolve-pathname/download/resolve-pathname-3.0.0.tgz#99d02224d3cf263689becbb393bc560313025dcd"
  integrity sha1-mdAiJNPPJjaJvsuzk7xWAxMCXc0=

tiny-invariant@^1.0.2:
  version "1.1.0"
  resolved "http://r.cnpmjs.org/tiny-invariant/download/tiny-invariant-1.1.0.tgz#634c5f8efdc27714b7f386c35e6760991d230875"
  integrity sha1-Y0xfjv3CdxS384bDXmdgmR0jCHU=

tiny-warning@^1.0.0:
  version "1.0.3"
  resolved "http://r.cnpmjs.org/tiny-warning/download/tiny-warning-1.0.3.tgz#94a30db453df4c643d0fd566060d60a875d84754"
  integrity sha1-lKMNtFPfTGQ9D9VmBg1gqHXYR1Q=

value-equal@^1.0.1:
  version "1.0.1"
  resolved "http://r.cnpmjs.org/value-equal/download/value-equal-1.0.1.tgz#1e0b794c734c5c0cade179c437d356d931a34d6c"
  integrity sha1-Hgt5THNMXAyt4XnEN9NW2TGjTWw=
